// !$*UTF8*$!
{
	archiveVersion = 1;
	classes = {
	};
	objectVersion = 77;
	objects = {

/* Begin PBXContainerItemProxy section */
		968076A02E099D3000B8EEF9 /* PBXContainerItemProxy */ = {
			isa = PBXContainerItemProxy;
			containerPortal = 9680767E2E099D2500B8EEF9 /* Project object */;
			proxyType = 1;
			remoteGlobalIDString = 968076852E099D2600B8EEF9;
			remoteInfo = filmsModel;
		};
		968076AA2E099D3000B8EEF9 /* PBXContainerItemProxy */ = {
			isa = PBXContainerItemProxy;
			containerPortal = 9680767E2E099D2500B8EEF9 /* Project object */;
			proxyType = 1;
			remoteGlobalIDString = 968076852E099D2600B8EEF9;
			remoteInfo = filmsModel;
		};
/* End PBXContainerItemProxy section */

/* Begin PBXFileReference section */
		968076862E099D2600B8EEF9 /* filmsModel.app */ = {isa = PBXFileReference; explicitFileType = wrapper.application; includeInIndex = 0; path = filmsModel.app; sourceTree = BUILT_PRODUCTS_DIR; };
		9680769F2E099D3000B8EEF9 /* filmsModelTests.xctest */ = {isa = PBXFileReference; explicitFileType = wrapper.cfbundle; includeInIndex = 0; path = filmsModelTests.xctest; sourceTree = BUILT_PRODUCTS_DIR; };
		968076A92E099D3000B8EEF9 /* filmsModelUITests.xctest */ = {isa = PBXFileReference; explicitFileType = wrapper.cfbundle; includeInIndex = 0; path = filmsModelUITests.xctest; sourceTree = BUILT_PRODUCTS_DIR; };
/* End PBXFileReference section */

/* Begin PBXFileSystemSynchronizedBuildFileExceptionSet section */
		968076B12E099D3000B8EEF9 /* Exceptions for "filmsModel" folder in "filmsModel" target */ = {
			isa = PBXFileSystemSynchronizedBuildFileExceptionSet;
			membershipExceptions = (
				Info.plist,
			);
			target = 968076852E099D2600B8EEF9 /* filmsModel */;
		};
/* End PBXFileSystemSynchronizedBuildFileExceptionSet section */

/* Begin PBXFileSystemSynchronizedRootGroup section */
		968076882E099D2600B8EEF9 /* filmsModel */ = {
			isa = PBXFileSystemSynchronizedRootGroup;
			exceptions = (
				968076B12E099D3000B8EEF9 /* Exceptions for "filmsModel" folder in "filmsModel" target */,
			);
			path = filmsModel;
			sourceTree = "<group>";
		};
		968076A22E099D3000B8EEF9 /* filmsModelTests */ = {
			isa = PBXFileSystemSynchronizedRootGroup;
			path = filmsModelTests;
			sourceTree = "<group>";
		};
		968076AC2E099D3000B8EEF9 /* filmsModelUITests */ = {
			isa = PBXFileSystemSynchronizedRootGroup;
			path = filmsModelUITests;
			sourceTree = "<group>";
		};
/* End PBXFileSystemSynchronizedRootGroup section */

/* Begin PBXFrameworksBuildPhase section */
		968076832E099D2600B8EEF9 /* Frameworks */ = {
			isa = PBXFrameworksBuildPhase;
			buildActionMask = 2147483647;
			files = (
			);
			runOnlyForDeploymentPostprocessing = 0;
		};
		9680769C2E099D3000B8EEF9 /* Frameworks */ = {
			isa = PBXFrameworksBuildPhase;
			buildActionMask = 2147483647;
			files = (
			);
			runOnlyForDeploymentPostprocessing = 0;
		};
		968076A62E099D3000B8EEF9 /* Frameworks */ = {
			isa = PBXFrameworksBuildPhase;
			buildActionMask = 2147483647;
			files = (
			);
			runOnlyForDeploymentPostprocessing = 0;
		};
/* End PBXFrameworksBuildPhase section */

/* Begin PBXGroup section */
		9680767D2E099D2500B8EEF9 = {
			isa = PBXGroup;
			children = (
				968076882E099D2600B8EEF9 /* filmsModel */,
				968076A22E099D3000B8EEF9 /* filmsModelTests */,
				968076AC2E099D3000B8EEF9 /* filmsModelUITests */,
				968076872E099D2600B8EEF9 /* Products */,
			);
			sourceTree = "<group>";
		};
		968076872E099D2600B8EEF9 /* Products */ = {
			isa = PBXGroup;
			children = (
				968076862E099D2600B8EEF9 /* filmsModel.app */,
				9680769F2E099D3000B8EEF9 /* filmsModelTests.xctest */,
				968076A92E099D3000B8EEF9 /* filmsModelUITests.xctest */,
			);
			name = Products;
			sourceTree = "<group>";
		};
/* End PBXGroup section */

/* Begin PBXNativeTarget section */
		968076852E099D2600B8EEF9 /* filmsModel */ = {
			isa = PBXNativeTarget;
			buildConfigurationList = 968076B22E099D3000B8EEF9 /* Build configuration list for PBXNativeTarget "filmsModel" */;
			buildPhases = (
				968076822E099D2600B8EEF9 /* Sources */,
				968076832E099D2600B8EEF9 /* Frameworks */,
				968076842E099D2600B8EEF9 /* Resources */,
			);
			buildRules = (
			);
			dependencies = (
			);
			fileSystemSynchronizedGroups = (
				968076882E099D2600B8EEF9 /* filmsModel */,
			);
			name = filmsModel;
			packageProductDependencies = (
			);
			productName = filmsModel;
			productReference = 968076862E099D2600B8EEF9 /* filmsModel.app */;
			productType = "com.apple.product-type.application";
		};
		9680769E2E099D3000B8EEF9 /* filmsModelTests */ = {
			isa = PBXNativeTarget;
			buildConfigurationList = 968076B72E099D3000B8EEF9 /* Build configuration list for PBXNativeTarget "filmsModelTests" */;
			buildPhases = (
				9680769B2E099D3000B8EEF9 /* Sources */,
				9680769C2E099D3000B8EEF9 /* Frameworks */,
				9680769D2E099D3000B8EEF9 /* Resources */,
			);
			buildRules = (
			);
			dependencies = (
				968076A12E099D3000B8EEF9 /* PBXTargetDependency */,
			);
			fileSystemSynchronizedGroups = (
				968076A22E099D3000B8EEF9 /* filmsModelTests */,
			);
			name = filmsModelTests;
			packageProductDependencies = (
			);
			productName = filmsModelTests;
			productReference = 9680769F2E099D3000B8EEF9 /* filmsModelTests.xctest */;
			productType = "com.apple.product-type.bundle.unit-test";
		};
		968076A82E099D3000B8EEF9 /* filmsModelUITests */ = {
			isa = PBXNativeTarget;
			buildConfigurationList = 968076BA2E099D3000B8EEF9 /* Build configuration list for PBXNativeTarget "filmsModelUITests" */;
			buildPhases = (
				968076A52E099D3000B8EEF9 /* Sources */,
				968076A62E099D3000B8EEF9 /* Frameworks */,
				968076A72E099D3000B8EEF9 /* Resources */,
			);
			buildRules = (
			);
			dependencies = (
				968076AB2E099D3000B8EEF9 /* PBXTargetDependency */,
			);
			fileSystemSynchronizedGroups = (
				968076AC2E099D3000B8EEF9 /* filmsModelUITests */,
			);
			name = filmsModelUITests;
			packageProductDependencies = (
			);
			productName = filmsModelUITests;
			productReference = 968076A92E099D3000B8EEF9 /* filmsModelUITests.xctest */;
			productType = "com.apple.product-type.bundle.ui-testing";
		};
/* End PBXNativeTarget section */

/* Begin PBXProject section */
		9680767E2E099D2500B8EEF9 /* Project object */ = {
			isa = PBXProject;
			attributes = {
				BuildIndependentTargetsInParallel = 1;
				LastSwiftUpdateCheck = 1640;
				LastUpgradeCheck = 1640;
				TargetAttributes = {
					968076852E099D2600B8EEF9 = {
						CreatedOnToolsVersion = 16.4;
					};
					9680769E2E099D3000B8EEF9 = {
						CreatedOnToolsVersion = 16.4;
						TestTargetID = 968076852E099D2600B8EEF9;
					};
					968076A82E099D3000B8EEF9 = {
						CreatedOnToolsVersion = 16.4;
						TestTargetID = 968076852E099D2600B8EEF9;
					};
				};
			};
			buildConfigurationList = 968076812E099D2500B8EEF9 /* Build configuration list for PBXProject "filmsModel" */;
			developmentRegion = en;
			hasScannedForEncodings = 0;
			knownRegions = (
				en,
				Base,
			);
			mainGroup = 9680767D2E099D2500B8EEF9;
			minimizedProjectReferenceProxies = 1;
			preferredProjectObjectVersion = 77;
			productRefGroup = 968076872E099D2600B8EEF9 /* Products */;
			projectDirPath = "";
			projectRoot = "";
			targets = (
				968076852E099D2600B8EEF9 /* filmsModel */,
				9680769E2E099D3000B8EEF9 /* filmsModelTests */,
				968076A82E099D3000B8EEF9 /* filmsModelUITests */,
			);
		};
/* End PBXProject section */

/* Begin PBXResourcesBuildPhase section */
		968076842E099D2600B8EEF9 /* Resources */ = {
			isa = PBXResourcesBuildPhase;
			buildActionMask = 2147483647;
			files = (
			);
			runOnlyForDeploymentPostprocessing = 0;
		};
		9680769D2E099D3000B8EEF9 /* Resources */ = {
			isa = PBXResourcesBuildPhase;
			buildActionMask = 2147483647;
			files = (
			);
			runOnlyForDeploymentPostprocessing = 0;
		};
		968076A72E099D3000B8EEF9 /* Resources */ = {
			isa = PBXResourcesBuildPhase;
			buildActionMask = 2147483647;
			files = (
			);
			runOnlyForDeploymentPostprocessing = 0;
		};
/* End PBXResourcesBuildPhase section */

/* Begin PBXSourcesBuildPhase section */
		968076822E099D2600B8EEF9 /* Sources */ = {
			isa = PBXSourcesBuildPhase;
			buildActionMask = 2147483647;
			files = (
			);
			runOnlyForDeploymentPostprocessing = 0;
		};
		9680769B2E099D3000B8EEF9 /* Sources */ = {
			isa = PBXSourcesBuildPhase;
			buildActionMask = 2147483647;
			files = (
			);
			runOnlyForDeploymentPostprocessing = 0;
		};
		968076A52E099D3000B8EEF9 /* Sources */ = {
			isa = PBXSourcesBuildPhase;
			buildActionMask = 2147483647;
			files = (
			);
			runOnlyForDeploymentPostprocessing = 0;
		};
/* End PBXSourcesBuildPhase section */

/* Begin PBXTargetDependency section */
		968076A12E099D3000B8EEF9 /* PBXTargetDependency */ = {
			isa = PBXTargetDependency;
			target = 968076852E099D2600B8EEF9 /* filmsModel */;
			targetProxy = 968076A02E099D3000B8EEF9 /* PBXContainerItemProxy */;
		};
		968076AB2E099D3000B8EEF9 /* PBXTargetDependency */ = {
			isa = PBXTargetDependency;
			target = 968076852E099D2600B8EEF9 /* filmsModel */;
			targetProxy = 968076AA2E099D3000B8EEF9 /* PBXContainerItemProxy */;
		};
/* End PBXTargetDependency section */

/* Begin XCBuildConfiguration section */
		968076B32E099D3000B8EEF9 /* Debug */ = {
			isa = XCBuildConfiguration;
			buildSettings = {
				ASSETCATALOG_COMPILER_APPICON_NAME = AppIcon;
				ASSETCATALOG_COMPILER_GLOBAL_ACCENT_COLOR_NAME = AccentColor;
				CODE_SIGN_STYLE = Automatic;
				CURRENT_PROJECT_VERSION = 1;
				GENERATE_INFOPLIST_FILE = YES;
				INFOPLIST_FILE = filmsModel/Info.plist;
				INFOPLIST_KEY_UIApplicationSupportsIndirectInputEvents = YES;
				INFOPLIST_KEY_UILaunchStoryboardName = LaunchScreen;
				INFOPLIST_KEY_UIMainStoryboardFile = Main;
				INFOPLIST_KEY_UISupportedInterfaceOrientations_iPad = "UIInterfaceOrientationPortrait UIInterfaceOrientationPortraitUpsideDown UIInterfaceOrientationLandscapeLeft UIInterfaceOrientationLandscapeRight";
				INFOPLIST_KEY_UISupportedInterfaceOrientations_iPhone = "UIInterfaceOrientationPortrait UIInterfaceOrientationLandscapeLeft UIInterfaceOrientationLandscapeRight";
				LD_RUNPATH_SEARCH_PATHS = (
					"$(inherited)",
					"@executable_path/Frameworks",
				);
				MARKETING_VERSION = 1.0;
				PRODUCT_BUNDLE_IDENTIFIER = com.parvanacanan.filmsModel;
				PRODUCT_NAME = "$(TARGET_NAME)";
				SWIFT_EMIT_LOC_STRINGS = YES;
				SWIFT_VERSION = 5.0;
				TARGETED_DEVICE_FAMILY = "1,2";
			};
			name = Debug;
		};
		968076B42E099D3000B8EEF9 /* Release */ = {
			isa = XCBuildConfiguration;
			buildSettings = {
				ASSETCATALOG_COMPILER_APPICON_NAME = AppIcon;
				ASSETCATALOG_COMPILER_GLOBAL_ACCENT_COLOR_NAME = AccentColor;
				CODE_SIGN_STYLE = Automatic;
				CURRENT_PROJECT_VERSION = 1;
				GENERATE_INFOPLIST_FILE = YES;
				INFOPLIST_FILE = filmsModel/Info.plist;
				INFOPLIST_KEY_UIApplicationSupportsIndirectInputEvents = YES;
				INFOPLIST_KEY_UILaunchStoryboardName = LaunchScreen;
				INFOPLIST_KEY_UIMainStoryboardFile = Main;
				INFOPLIST_KEY_UISupportedInterfaceOrientations_iPad = "UIInterfaceOrientationPortrait UIInterfaceOrientationPortraitUpsideDown UIInterfaceOrientationLandscapeLeft UIInterfaceOrientationLandscapeRight";
				INFOPLIST_KEY_UISupportedInterfaceOrientations_iPhone = "UIInterfaceOrientationPortrait UIInterfaceOrientationLandscapeLeft UIInterfaceOrientationLandscapeRight";
				LD_RUNPATH_SEARCH_PATHS = (
					"$(inherited)",
					"@executable_path/Frameworks",
				);
				MARKETING_VERSION = 1.0;
				PRODUCT_BUNDLE_IDENTIFIER = com.parvanacanan.filmsModel;
				PRODUCT_NAME = "$(TARGET_NAME)";
				SWIFT_EMIT_LOC_STRINGS = YES;
				SWIFT_VERSION = 5.0;
				TARGETED_DEVICE_FAMILY = "1,2";
			};
			name = Release;
		};
		968076B52E099D3000B8EEF9 /* Debug */ = {
			isa = XCBuildConfiguration;
			buildSettings = {
				ALWAYS_SEARCH_USER_PATHS = NO;
				ASSETCATALOG_COMPILER_GENERATE_SWIFT_ASSET_SYMBOL_EXTENSIONS = YES;
				CLANG_ANALYZER_NONNULL = YES;
				CLANG_ANALYZER_NUMBER_OBJECT_CONVERSION = YES_AGGRESSIVE;
				CLANG_CXX_LANGUAGE_STANDARD = "gnu++20";
				CLANG_ENABLE_MODULES = YES;
				CLANG_ENABLE_OBJC_ARC = YES;
				CLANG_ENABLE_OBJC_WEAK = YES;
				CLANG_WARN_BLOCK_CAPTURE_AUTORELEASING = YES;
				CLANG_WARN_BOOL_CONVERSION = YES;
				CLANG_WARN_COMMA = YES;
				CLANG_WARN_CONSTANT_CONVERSION = YES;
				CLANG_WARN_DEPRECATED_OBJC_IMPLEMENTATIONS = YES;
				CLANG_WARN_DIRECT_OBJC_ISA_USAGE = YES_ERROR;
				CLANG_WARN_DOCUMENTATION_COMMENTS = YES;
				CLANG_WARN_EMPTY_BODY = YES;
				CLANG_WARN_ENUM_CONVERSION = YES;
				CLANG_WARN_INFINITE_RECURSION = YES;
				CLANG_WARN_INT_CONVERSION = YES;
				CLANG_WARN_NON_LITERAL_NULL_CONVERSION = YES;
				CLANG_WARN_OBJC_IMPLICIT_RETAIN_SELF = YES;
				CLANG_WARN_OBJC_LITERAL_CONVERSION = YES;
				CLANG_WARN_OBJC_ROOT_CLASS = YES_ERROR;
				CLANG_WARN_QUOTED_INCLUDE_IN_FRAMEWORK_HEADER = YES;
				CLANG_WARN_RANGE_LOOP_ANALYSIS = YES;
				CLANG_WARN_STRICT_PROTOTYPES = YES;
				CLANG_WARN_SUSPICIOUS_MOVE = YES;
				CLANG_WARN_UNGUARDED_AVAILABILITY = YES_AGGRESSIVE;
				CLANG_WARN_UNREACHABLE_CODE = YES;
				CLANG_WARN__DUPLICATE_METHOD_MATCH = YES;
				COPY_PHASE_STRIP = NO;
				DEBUG_INFORMATION_FORMAT = dwarf;
				ENABLE_STRICT_OBJC_MSGSEND = YES;
				ENABLE_TESTABILITY = YES;
				ENABLE_USER_SCRIPT_SANDBOXING = YES;
				GCC_C_LANGUAGE_STANDARD = gnu17;
				GCC_DYNAMIC_NO_PIC = NO;
				GCC_NO_COMMON_BLOCKS = YES;
				GCC_OPTIMIZATION_LEVEL = 0;
				GCC_PREPROCESSOR_DEFINITIONS = (
					"DEBUG=1",
					"$(inherited)",
				);
				GCC_WARN_64_TO_32_BIT_CONVERSION = YES;
				GCC_WARN_ABOUT_RETURN_TYPE = YES_ERROR;
				GCC_WARN_UNDECLARED_SELECTOR = YES;
				GCC_WARN_UNINITIALIZED_AUTOS = YES_AGGRESSIVE;
				GCC_WARN_UNUSED_FUNCTION = YES;
				GCC_WARN_UNUSED_VARIABLE = YES;
				IPHONEOS_DEPLOYMENT_TARGET = 18.5;
				LOCALIZATION_PREFERS_STRING_CATALOGS = YES;
				MTL_ENABLE_DEBUG_INFO = INCLUDE_SOURCE;
				MTL_FAST_MATH = YES;
				ONLY_ACTIVE_ARCH = YES;
				SDKROOT = iphoneos;
				SWIFT_ACTIVE_COMPILATION_CONDITIONS = "DEBUG $(inherited)";
				SWIFT_OPTIMIZATION_LEVEL = "-Onone";
			};
			name = Debug;
		};
		968076B62E099D3000B8EEF9 /* Release */ = {
			isa = XCBuildConfiguration;
			buildSettings = {
				ALWAYS_SEARCH_USER_PATHS = NO;
				ASSETCATALOG_COMPILER_GENERATE_SWIFT_ASSET_SYMBOL_EXTENSIONS = YES;
				CLANG_ANALYZER_NONNULL = YES;
				CLANG_ANALYZER_NUMBER_OBJECT_CONVERSION = YES_AGGRESSIVE;
				CLANG_CXX_LANGUAGE_STANDARD = "gnu++20";
				CLANG_ENABLE_MODULES = YES;
				CLANG_ENABLE_OBJC_ARC = YES;
				CLANG_ENABLE_OBJC_WEAK = YES;
				CLANG_WARN_BLOCK_CAPTURE_AUTORELEASING = YES;
				CLANG_WARN_BOOL_CONVERSION = YES;
				CLANG_WARN_COMMA = YES;
				CLANG_WARN_CONSTANT_CONVERSION = YES;
				CLANG_WARN_DEPRECATED_OBJC_IMPLEMENTATIONS = YES;
				CLANG_WARN_DIRECT_OBJC_ISA_USAGE = YES_ERROR;
				CLANG_WARN_DOCUMENTATION_COMMENTS = YES;
				CLANG_WARN_EMPTY_BODY = YES;
				CLANG_WARN_ENUM_CONVERSION = YES;
				CLANG_WARN_INFINITE_RECURSION = YES;
				CLANG_WARN_INT_CONVERSION = YES;
				CLANG_WARN_NON_LITERAL_NULL_CONVERSION = YES;
				CLANG_WARN_OBJC_IMPLICIT_RETAIN_SELF = YES;
				CLANG_WARN_OBJC_LITERAL_CONVERSION = YES;
				CLANG_WARN_OBJC_ROOT_CLASS = YES_ERROR;
				CLANG_WARN_QUOTED_INCLUDE_IN_FRAMEWORK_HEADER = YES;
				CLANG_WARN_RANGE_LOOP_ANALYSIS = YES;
				CLANG_WARN_STRICT_PROTOTYPES = YES;
				CLANG_WARN_SUSPICIOUS_MOVE = YES;
				CLANG_WARN_UNGUARDED_AVAILABILITY = YES_AGGRESSIVE;
				CLANG_WARN_UNREACHABLE_CODE = YES;
				CLANG_WARN__DUPLICATE_METHOD_MATCH = YES;
				COPY_PHASE_STRIP = NO;
				DEBUG_INFORMATION_FORMAT = "dwarf-with-dsym";
				ENABLE_NS_ASSERTIONS = NO;
				ENABLE_STRICT_OBJC_MSGSEND = YES;
				ENABLE_USER_SCRIPT_SANDBOXING = YES;
				GCC_C_LANGUAGE_STANDARD = gnu17;
				GCC_NO_COMMON_BLOCKS = YES;
				GCC_WARN_64_TO_32_BIT_CONVERSION = YES;
				GCC_WARN_ABOUT_RETURN_TYPE = YES_ERROR;
				GCC_WARN_UNDECLARED_SELECTOR = YES;
				GCC_WARN_UNINITIALIZED_AUTOS = YES_AGGRESSIVE;
				GCC_WARN_UNUSED_FUNCTION = YES;
				GCC_WARN_UNUSED_VARIABLE = YES;
				IPHONEOS_DEPLOYMENT_TARGET = 18.5;
				LOCALIZATION_PREFERS_STRING_CATALOGS = YES;
				MTL_ENABLE_DEBUG_INFO = NO;
				MTL_FAST_MATH = YES;
				SDKROOT = iphoneos;
				SWIFT_COMPILATION_MODE = wholemodule;
				VALIDATE_PRODUCT = YES;
			};
			name = Release;
		};
		968076B82E099D3000B8EEF9 /* Debug */ = {
			isa = XCBuildConfiguration;
			buildSettings = {
				BUNDLE_LOADER = "$(TEST_HOST)";
				CODE_SIGN_STYLE = Automatic;
				CURRENT_PROJECT_VERSION = 1;
				GENERATE_INFOPLIST_FILE = YES;
				IPHONEOS_DEPLOYMENT_TARGET = 18.5;
				MARKETING_VERSION = 1.0;
				PRODUCT_BUNDLE_IDENTIFIER = com.parvanacanan.filmsModelTests;
				PRODUCT_NAME = "$(TARGET_NAME)";
				SWIFT_EMIT_LOC_STRINGS = NO;
				SWIFT_VERSION = 5.0;
				TARGETED_DEVICE_FAMILY = "1,2";
				TEST_HOST = "$(BUILT_PRODUCTS_DIR)/filmsModel.app/$(BUNDLE_EXECUTABLE_FOLDER_PATH)/filmsModel";
			};
			name = Debug;
		};
		968076B92E099D3000B8EEF9 /* Release */ = {
			isa = XCBuildConfiguration;
			buildSettings = {
				BUNDLE_LOADER = "$(TEST_HOST)";
				CODE_SIGN_STYLE = Automatic;
				CURRENT_PROJECT_VERSION = 1;
				GENERATE_INFOPLIST_FILE = YES;
				IPHONEOS_DEPLOYMENT_TARGET = 18.5;
				MARKETING_VERSION = 1.0;
				PRODUCT_BUNDLE_IDENTIFIER = com.parvanacanan.filmsModelTests;
				PRODUCT_NAME = "$(TARGET_NAME)";
				SWIFT_EMIT_LOC_STRINGS = NO;
				SWIFT_VERSION = 5.0;
				TARGETED_DEVICE_FAMILY = "1,2";
				TEST_HOST = "$(BUILT_PRODUCTS_DIR)/filmsModel.app/$(BUNDLE_EXECUTABLE_FOLDER_PATH)/filmsModel";
			};
			name = Release;
		};
		968076BB2E099D3000B8EEF9 /* Debug */ = {
			isa = XCBuildConfiguration;
			buildSettings = {
				CODE_SIGN_STYLE = Automatic;
				CURRENT_PROJECT_VERSION = 1;
				GENERATE_INFOPLIST_FILE = YES;
				MARKETING_VERSION = 1.0;
				PRODUCT_BUNDLE_IDENTIFIER = com.parvanacanan.filmsModelUITests;
				PRODUCT_NAME = "$(TARGET_NAME)";
				SWIFT_EMIT_LOC_STRINGS = NO;
				SWIFT_VERSION = 5.0;
				TARGETED_DEVICE_FAMILY = "1,2";
				TEST_TARGET_NAME = filmsModel;
			};
			name = Debug;
		};
		968076BC2E099D3000B8EEF9 /* Release */ = {
			isa = XCBuildConfiguration;
			buildSettings = {
				CODE_SIGN_STYLE = Automatic;
				CURRENT_PROJECT_VERSION = 1;
				GENERATE_INFOPLIST_FILE = YES;
				MARKETING_VERSION = 1.0;
				PRODUCT_BUNDLE_IDENTIFIER = com.parvanacanan.filmsModelUITests;
				PRODUCT_NAME = "$(TARGET_NAME)";
				SWIFT_EMIT_LOC_STRINGS = NO;
				SWIFT_VERSION = 5.0;
				TARGETED_DEVICE_FAMILY = "1,2";
				TEST_TARGET_NAME = filmsModel;
			};
			name = Release;
		};
/* End XCBuildConfiguration section */

/* Begin XCConfigurationList section */
		968076812E099D2500B8EEF9 /* Build configuration list for PBXProject "filmsModel" */ = {
			isa = XCConfigurationList;
			buildConfigurations = (
				968076B52E099D3000B8EEF9 /* Debug */,
				968076B62E099D3000B8EEF9 /* Release */,
			);
			defaultConfigurationIsVisible = 0;
			defaultConfigurationName = Release;
		};
		968076B22E099D3000B8EEF9 /* Build configuration list for PBXNativeTarget "filmsModel" */ = {
			isa = XCConfigurationList;
			buildConfigurations = (
				968076B32E099D3000B8EEF9 /* Debug */,
				968076B42E099D3000B8EEF9 /* Release */,
			);
			defaultConfigurationIsVisible = 0;
			defaultConfigurationName = Release;
		};
		968076B72E099D3000B8EEF9 /* Build configuration list for PBXNativeTarget "filmsModelTests" */ = {
			isa = XCConfigurationList;
			buildConfigurations = (
				968076B82E099D3000B8EEF9 /* Debug */,
				968076B92E099D3000B8EEF9 /* Release */,
			);
			defaultConfigurationIsVisible = 0;
			defaultConfigurationName = Release;
		};
		968076BA2E099D3000B8EEF9 /* Build configuration list for PBXNativeTarget "filmsModelUITests" */ = {
			isa = XCConfigurationList;
			buildConfigurations = (
				968076BB2E099D3000B8EEF9 /* Debug */,
				968076BC2E099D3000B8EEF9 /* Release */,
			);
			defaultConfigurationIsVisible = 0;
			defaultConfigurationName = Release;
		};
/* End XCConfigurationList section */
	};
	rootObject = 9680767E2E099D2500B8EEF9 /* Project object */;
}
